
Microsoft Visual Studio Solution File, Format Version 12.00
# Visual Studio 2015
Project("{FAE04EC0-301F-11D3-BF4B-00C04F79EFBC}") = "COMP391_Week2_001.CSharp", "COMP391_Week2_001.CSharp.csproj", "{81F8F2E8-8BD0-C21F-9FFC-B8C07D718831}"
EndProject
Global
	GlobalSection(SolutionConfigurationPlatforms) = preSolution
		Debug|Any CPU = Debug|Any CPU
		Release|Any CPU = Release|Any CPU
	EndGlobalSection
	GlobalSection(ProjectConfigurationPlatforms) = postSolution
		{81F8F2E8-8BD0-C21F-9FFC-B8C07D718831}.Debug|Any CPU.ActiveCfg = Debug|Any CPU
		{81F8F2E8-8BD0-C21F-9FFC-B8C07D718831}.Debug|Any CPU.Build.0 = Debug|Any CPU
		{81F8F2E8-8BD0-C21F-9FFC-B8C07D718831}.Release|Any CPU.ActiveCfg = Release|Any CPU
		{81F8F2E8-8BD0-C21F-9FFC-B8C07D718831}.Release|Any CPU.Build.0 = Release|Any CPU
	EndGlobalSection
	GlobalSection(SolutionProperties) = preSolution
		HideSolutionNode = FALSE
	EndGlobalSection
EndGlobal
